
Microsoft Visual Studio Solution File, Format Version 12.00
# Visual Studio Version 16
VisualStudioVersion = 16.0.29609.76
MinimumVisualStudioVersion = 10.0.40219.1
Project("{2150E333-8FDC-42A3-9474-1A3956D46DE8}") = "src", "src", "{B2E911B9-FCE6-41F0-A191-C4574B18CBED}"
EndProject
Project("{2150E333-8FDC-42A3-9474-1A3956D46DE8}") = "test", "test", "{5A8A23A8-CE33-482D-8950-EB325DAF591D}"
EndProject
Project("{2150E333-8FDC-42A3-9474-1A3956D46DE8}") = "sample", "sample", "{815AEF24-21F2-4723-89D9-DC9A4CF68CB5}"
EndProject
Project("{2150E333-8FDC-42A3-9474-1A3956D46DE8}") = "framework", "framework", "{AE381F57-5314-4C4B-B183-E7909459C36C}"
EndProject
Project("{2150E333-8FDC-42A3-9474-1A3956D46DE8}") = "Solution Items", "Solution Items", "{3CD7873A-73D8-4566-A8E6-0374A444C171}"
	ProjectSection(SolutionItems) = preProject
		..\.gitlab-ci.yml = ..\.gitlab-ci.yml
		Directory.Build.props = Directory.Build.props
		..\NuGet.config = ..\NuGet.config
		signature.pfx = signature.pfx
	EndProjectSection
EndProject
Project("{9A19103F-16F7-4668-BE54-9A1E7A4F7556}") = "Fulu.AspNetCore", "Fulu.AspNetCore\Fulu.AspNetCore.csproj", "{A6ECB36F-6E46-4C5D-8EDF-FDD7F87A3380}"
EndProject
Project("{9A19103F-16F7-4668-BE54-9A1E7A4F7556}") = "Fulu.AutoDI", "Fulu.AutoDI\Fulu.AutoDI.csproj", "{59FFF8B9-0A74-4A81-B222-3D11FAF71AAF}"
EndProject
Project("{9A19103F-16F7-4668-BE54-9A1E7A4F7556}") = "Fulu.Core", "Fulu.Core\Fulu.Core.csproj", "{0465702B-E7DF-4124-831D-E20CE33467D0}"
EndProject
Project("{9A19103F-16F7-4668-BE54-9A1E7A4F7556}") = "Fulu.EntityFrameworkCore", "Fulu.EntityFrameworkCore\Fulu.EntityFrameworkCore.csproj", "{FA7FA46F-588B-41BF-96A5-44F6D15F8609}"
EndProject
Project("{9A19103F-16F7-4668-BE54-9A1E7A4F7556}") = "Fulu.Extensions.Caching.Redis", "Fulu.Extensions.Caching.Redis\Fulu.Extensions.Caching.Redis.csproj", "{4B4FA7C9-4953-473B-8111-247D61EDAA44}"
EndProject
Project("{9A19103F-16F7-4668-BE54-9A1E7A4F7556}") = "Fulu.Http", "Fulu.Http\Fulu.Http.csproj", "{59889BF3-995E-4A95-84CD-B46EB7BF62F8}"
EndProject
Project("{9A19103F-16F7-4668-BE54-9A1E7A4F7556}") = "Fulu.WebAPI.Abstractions", "Fulu.WebAPI.Abstractions\Fulu.WebAPI.Abstractions.csproj", "{65CACA58-A1E5-4562-9AAB-076D99D412BB}"
EndProject
Project("{9A19103F-16F7-4668-BE54-9A1E7A4F7556}") = "Fulu.BouncyCastle", "Fulu.BouncyCastle\Fulu.BouncyCastle.csproj", "{40EC7762-C384-4136-B368-D169B767FA6B}"
EndProject
Project("{9A19103F-16F7-4668-BE54-9A1E7A4F7556}") = "Fulu.Google.Authenticator", "Fulu.Google.Authenticator\Fulu.Google.Authenticator.csproj", "{A42E2606-5005-4F99-9807-3F802EEF77C9}"
EndProject
Project("{9A19103F-16F7-4668-BE54-9A1E7A4F7556}") = "Fulu.TransferJob", "Fulu.TransferJob\Fulu.TransferJob.csproj", "{EF4E0C9E-527B-4B66-A640-980C8777A610}"
EndProject
Project("{9A19103F-16F7-4668-BE54-9A1E7A4F7556}") = "Fulu.Passport.Domain", "Fulu.Passport.Domain\Fulu.Passport.Domain.csproj", "{45E7439E-E0DE-4FC4-A245-D9FA58805BF8}"
EndProject
Project("{9A19103F-16F7-4668-BE54-9A1E7A4F7556}") = "Fulu.Document", "Fulu.Document\Fulu.Document.csproj", "{E7CCEC3C-0996-409F-AACD-7A9E23A4BF18}"
EndProject
Project("{9A19103F-16F7-4668-BE54-9A1E7A4F7556}") = "Fulu.Passport.Test", "..\test\Fulu.Passport.Test\Fulu.Passport.Test.csproj", "{1FEE8EB6-7B3C-40EA-A09B-7174E30E16EE}"
EndProject
Project("{9A19103F-16F7-4668-BE54-9A1E7A4F7556}") = "Fulu.Passport.Web", "Fulu.Passport.Web\Fulu.Passport.Web.csproj", "{E278CB87-F3C7-4564-8FBB-E296E5663575}"
EndProject
Project("{9A19103F-16F7-4668-BE54-9A1E7A4F7556}") = "Fulu.Passport.API", "Fulu.Passport.API\Fulu.Passport.API.csproj", "{2F6A1340-B68F-44EF-AA6C-3E09818F6FCA}"
EndProject
Project("{9A19103F-16F7-4668-BE54-9A1E7A4F7556}") = "Fulu.Authentication", "Fulu.Authentication\Fulu.Authentication.csproj", "{9B2D318E-40EC-438F-B7AD-3B93F34E6C45}"
EndProject
Project("{9A19103F-16F7-4668-BE54-9A1E7A4F7556}") = "Fulu.Service.Authorize", "Fulu.Service.Authorize\Fulu.Service.Authorize.csproj", "{9C7A4156-303D-4A36-8858-395CA7BD33AC}"
EndProject
Project("{9A19103F-16F7-4668-BE54-9A1E7A4F7556}") = "Microsoft.AspNetCore.Authentication.WeChat", "Microsoft.AspNetCore.Authentication.WeChat\Microsoft.AspNetCore.Authentication.WeChat.csproj", "{18D38EBB-C78A-4D92-ABB3-675FD7033F74}"
EndProject
Project("{9A19103F-16F7-4668-BE54-9A1E7A4F7556}") = "Microsoft.AspNetCore.Authentication.DingTalk", "Microsoft.AspNetCore.Authentication.DingTalk\Microsoft.AspNetCore.Authentication.DingTalk.csproj", "{F4E6DB40-2C5F-4FE7-BDAD-47F4FFCF5B42}"
EndProject
Global
	GlobalSection(SolutionConfigurationPlatforms) = preSolution
		Debug|Any CPU = Debug|Any CPU
		Release|Any CPU = Release|Any CPU
	EndGlobalSection
	GlobalSection(ProjectConfigurationPlatforms) = postSolution
		{A6ECB36F-6E46-4C5D-8EDF-FDD7F87A3380}.Debug|Any CPU.ActiveCfg = Debug|Any CPU
		{A6ECB36F-6E46-4C5D-8EDF-FDD7F87A3380}.Debug|Any CPU.Build.0 = Debug|Any CPU
		{A6ECB36F-6E46-4C5D-8EDF-FDD7F87A3380}.Release|Any CPU.ActiveCfg = Release|Any CPU
		{A6ECB36F-6E46-4C5D-8EDF-FDD7F87A3380}.Release|Any CPU.Build.0 = Release|Any CPU
		{59FFF8B9-0A74-4A81-B222-3D11FAF71AAF}.Debug|Any CPU.ActiveCfg = Debug|Any CPU
		{59FFF8B9-0A74-4A81-B222-3D11FAF71AAF}.Debug|Any CPU.Build.0 = Debug|Any CPU
		{59FFF8B9-0A74-4A81-B222-3D11FAF71AAF}.Release|Any CPU.ActiveCfg = Release|Any CPU
		{59FFF8B9-0A74-4A81-B222-3D11FAF71AAF}.Release|Any CPU.Build.0 = Release|Any CPU
		{0465702B-E7DF-4124-831D-E20CE33467D0}.Debug|Any CPU.ActiveCfg = Debug|Any CPU
		{0465702B-E7DF-4124-831D-E20CE33467D0}.Debug|Any CPU.Build.0 = Debug|Any CPU
		{0465702B-E7DF-4124-831D-E20CE33467D0}.Release|Any CPU.ActiveCfg = Release|Any CPU
		{0465702B-E7DF-4124-831D-E20CE33467D0}.Release|Any CPU.Build.0 = Release|Any CPU
		{FA7FA46F-588B-41BF-96A5-44F6D15F8609}.Debug|Any CPU.ActiveCfg = Debug|Any CPU
		{FA7FA46F-588B-41BF-96A5-44F6D15F8609}.Debug|Any CPU.Build.0 = Debug|Any CPU
		{FA7FA46F-588B-41BF-96A5-44F6D15F8609}.Release|Any CPU.ActiveCfg = Release|Any CPU
		{FA7FA46F-588B-41BF-96A5-44F6D15F8609}.Release|Any CPU.Build.0 = Release|Any CPU
		{4B4FA7C9-4953-473B-8111-247D61EDAA44}.Debug|Any CPU.ActiveCfg = Debug|Any CPU
		{4B4FA7C9-4953-473B-8111-247D61EDAA44}.Debug|Any CPU.Build.0 = Debug|Any CPU
		{4B4FA7C9-4953-473B-8111-247D61EDAA44}.Release|Any CPU.ActiveCfg = Release|Any CPU
		{4B4FA7C9-4953-473B-8111-247D61EDAA44}.Release|Any CPU.Build.0 = Release|Any CPU
		{59889BF3-995E-4A95-84CD-B46EB7BF62F8}.Debug|Any CPU.ActiveCfg = Debug|Any CPU
		{59889BF3-995E-4A95-84CD-B46EB7BF62F8}.Debug|Any CPU.Build.0 = Debug|Any CPU
		{59889BF3-995E-4A95-84CD-B46EB7BF62F8}.Release|Any CPU.ActiveCfg = Release|Any CPU
		{59889BF3-995E-4A95-84CD-B46EB7BF62F8}.Release|Any CPU.Build.0 = Release|Any CPU
		{65CACA58-A1E5-4562-9AAB-076D99D412BB}.Debug|Any CPU.ActiveCfg = Debug|Any CPU
		{65CACA58-A1E5-4562-9AAB-076D99D412BB}.Debug|Any CPU.Build.0 = Debug|Any CPU
		{65CACA58-A1E5-4562-9AAB-076D99D412BB}.Release|Any CPU.ActiveCfg = Release|Any CPU
		{65CACA58-A1E5-4562-9AAB-076D99D412BB}.Release|Any CPU.Build.0 = Release|Any CPU
		{40EC7762-C384-4136-B368-D169B767FA6B}.Debug|Any CPU.ActiveCfg = Debug|Any CPU
		{40EC7762-C384-4136-B368-D169B767FA6B}.Debug|Any CPU.Build.0 = Debug|Any CPU
		{40EC7762-C384-4136-B368-D169B767FA6B}.Release|Any CPU.ActiveCfg = Release|Any CPU
		{40EC7762-C384-4136-B368-D169B767FA6B}.Release|Any CPU.Build.0 = Release|Any CPU
		{A42E2606-5005-4F99-9807-3F802EEF77C9}.Debug|Any CPU.ActiveCfg = Debug|Any CPU
		{A42E2606-5005-4F99-9807-3F802EEF77C9}.Debug|Any CPU.Build.0 = Debug|Any CPU
		{A42E2606-5005-4F99-9807-3F802EEF77C9}.Release|Any CPU.ActiveCfg = Release|Any CPU
		{A42E2606-5005-4F99-9807-3F802EEF77C9}.Release|Any CPU.Build.0 = Release|Any CPU
		{EF4E0C9E-527B-4B66-A640-980C8777A610}.Debug|Any CPU.ActiveCfg = Debug|Any CPU
		{EF4E0C9E-527B-4B66-A640-980C8777A610}.Debug|Any CPU.Build.0 = Debug|Any CPU
		{EF4E0C9E-527B-4B66-A640-980C8777A610}.Release|Any CPU.ActiveCfg = Release|Any CPU
		{EF4E0C9E-527B-4B66-A640-980C8777A610}.Release|Any CPU.Build.0 = Release|Any CPU
		{45E7439E-E0DE-4FC4-A245-D9FA58805BF8}.Debug|Any CPU.ActiveCfg = Debug|Any CPU
		{45E7439E-E0DE-4FC4-A245-D9FA58805BF8}.Debug|Any CPU.Build.0 = Debug|Any CPU
		{45E7439E-E0DE-4FC4-A245-D9FA58805BF8}.Release|Any CPU.ActiveCfg = Release|Any CPU
		{45E7439E-E0DE-4FC4-A245-D9FA58805BF8}.Release|Any CPU.Build.0 = Release|Any CPU
		{E7CCEC3C-0996-409F-AACD-7A9E23A4BF18}.Debug|Any CPU.ActiveCfg = Debug|Any CPU
		{E7CCEC3C-0996-409F-AACD-7A9E23A4BF18}.Debug|Any CPU.Build.0 = Debug|Any CPU
		{E7CCEC3C-0996-409F-AACD-7A9E23A4BF18}.Release|Any CPU.ActiveCfg = Release|Any CPU
		{E7CCEC3C-0996-409F-AACD-7A9E23A4BF18}.Release|Any CPU.Build.0 = Release|Any CPU
		{1FEE8EB6-7B3C-40EA-A09B-7174E30E16EE}.Debug|Any CPU.ActiveCfg = Debug|Any CPU
		{1FEE8EB6-7B3C-40EA-A09B-7174E30E16EE}.Debug|Any CPU.Build.0 = Debug|Any CPU
		{1FEE8EB6-7B3C-40EA-A09B-7174E30E16EE}.Release|Any CPU.ActiveCfg = Release|Any CPU
		{1FEE8EB6-7B3C-40EA-A09B-7174E30E16EE}.Release|Any CPU.Build.0 = Release|Any CPU
		{E278CB87-F3C7-4564-8FBB-E296E5663575}.Debug|Any CPU.ActiveCfg = Debug|Any CPU
		{E278CB87-F3C7-4564-8FBB-E296E5663575}.Debug|Any CPU.Build.0 = Debug|Any CPU
		{E278CB87-F3C7-4564-8FBB-E296E5663575}.Release|Any CPU.ActiveCfg = Release|Any CPU
		{E278CB87-F3C7-4564-8FBB-E296E5663575}.Release|Any CPU.Build.0 = Release|Any CPU
		{2F6A1340-B68F-44EF-AA6C-3E09818F6FCA}.Debug|Any CPU.ActiveCfg = Debug|Any CPU
		{2F6A1340-B68F-44EF-AA6C-3E09818F6FCA}.Debug|Any CPU.Build.0 = Debug|Any CPU
		{2F6A1340-B68F-44EF-AA6C-3E09818F6FCA}.Release|Any CPU.ActiveCfg = Release|Any CPU
		{2F6A1340-B68F-44EF-AA6C-3E09818F6FCA}.Release|Any CPU.Build.0 = Release|Any CPU
		{9B2D318E-40EC-438F-B7AD-3B93F34E6C45}.Debug|Any CPU.ActiveCfg = Debug|Any CPU
		{9B2D318E-40EC-438F-B7AD-3B93F34E6C45}.Debug|Any CPU.Build.0 = Debug|Any CPU
		{9B2D318E-40EC-438F-B7AD-3B93F34E6C45}.Release|Any CPU.ActiveCfg = Release|Any CPU
		{9B2D318E-40EC-438F-B7AD-3B93F34E6C45}.Release|Any CPU.Build.0 = Release|Any CPU
		{9C7A4156-303D-4A36-8858-395CA7BD33AC}.Debug|Any CPU.ActiveCfg = Debug|Any CPU
		{9C7A4156-303D-4A36-8858-395CA7BD33AC}.Debug|Any CPU.Build.0 = Debug|Any CPU
		{9C7A4156-303D-4A36-8858-395CA7BD33AC}.Release|Any CPU.ActiveCfg = Release|Any CPU
		{9C7A4156-303D-4A36-8858-395CA7BD33AC}.Release|Any CPU.Build.0 = Release|Any CPU
		{18D38EBB-C78A-4D92-ABB3-675FD7033F74}.Debug|Any CPU.ActiveCfg = Debug|Any CPU
		{18D38EBB-C78A-4D92-ABB3-675FD7033F74}.Debug|Any CPU.Build.0 = Debug|Any CPU
		{18D38EBB-C78A-4D92-ABB3-675FD7033F74}.Release|Any CPU.ActiveCfg = Release|Any CPU
		{18D38EBB-C78A-4D92-ABB3-675FD7033F74}.Release|Any CPU.Build.0 = Release|Any CPU
		{F4E6DB40-2C5F-4FE7-BDAD-47F4FFCF5B42}.Debug|Any CPU.ActiveCfg = Debug|Any CPU
		{F4E6DB40-2C5F-4FE7-BDAD-47F4FFCF5B42}.Debug|Any CPU.Build.0 = Debug|Any CPU
		{F4E6DB40-2C5F-4FE7-BDAD-47F4FFCF5B42}.Release|Any CPU.ActiveCfg = Release|Any CPU
		{F4E6DB40-2C5F-4FE7-BDAD-47F4FFCF5B42}.Release|Any CPU.Build.0 = Release|Any CPU
	EndGlobalSection
	GlobalSection(SolutionProperties) = preSolution
		HideSolutionNode = FALSE
	EndGlobalSection
	GlobalSection(NestedProjects) = preSolution
		{A6ECB36F-6E46-4C5D-8EDF-FDD7F87A3380} = {AE381F57-5314-4C4B-B183-E7909459C36C}
		{59FFF8B9-0A74-4A81-B222-3D11FAF71AAF} = {AE381F57-5314-4C4B-B183-E7909459C36C}
		{0465702B-E7DF-4124-831D-E20CE33467D0} = {AE381F57-5314-4C4B-B183-E7909459C36C}
		{FA7FA46F-588B-41BF-96A5-44F6D15F8609} = {AE381F57-5314-4C4B-B183-E7909459C36C}
		{4B4FA7C9-4953-473B-8111-247D61EDAA44} = {AE381F57-5314-4C4B-B183-E7909459C36C}
		{59889BF3-995E-4A95-84CD-B46EB7BF62F8} = {AE381F57-5314-4C4B-B183-E7909459C36C}
		{65CACA58-A1E5-4562-9AAB-076D99D412BB} = {AE381F57-5314-4C4B-B183-E7909459C36C}
		{40EC7762-C384-4136-B368-D169B767FA6B} = {AE381F57-5314-4C4B-B183-E7909459C36C}
		{A42E2606-5005-4F99-9807-3F802EEF77C9} = {AE381F57-5314-4C4B-B183-E7909459C36C}
		{EF4E0C9E-527B-4B66-A640-980C8777A610} = {AE381F57-5314-4C4B-B183-E7909459C36C}
		{45E7439E-E0DE-4FC4-A245-D9FA58805BF8} = {B2E911B9-FCE6-41F0-A191-C4574B18CBED}
		{E7CCEC3C-0996-409F-AACD-7A9E23A4BF18} = {AE381F57-5314-4C4B-B183-E7909459C36C}
		{1FEE8EB6-7B3C-40EA-A09B-7174E30E16EE} = {5A8A23A8-CE33-482D-8950-EB325DAF591D}
		{E278CB87-F3C7-4564-8FBB-E296E5663575} = {B2E911B9-FCE6-41F0-A191-C4574B18CBED}
		{2F6A1340-B68F-44EF-AA6C-3E09818F6FCA} = {B2E911B9-FCE6-41F0-A191-C4574B18CBED}
		{9B2D318E-40EC-438F-B7AD-3B93F34E6C45} = {AE381F57-5314-4C4B-B183-E7909459C36C}
		{9C7A4156-303D-4A36-8858-395CA7BD33AC} = {AE381F57-5314-4C4B-B183-E7909459C36C}
		{18D38EBB-C78A-4D92-ABB3-675FD7033F74} = {AE381F57-5314-4C4B-B183-E7909459C36C}
		{F4E6DB40-2C5F-4FE7-BDAD-47F4FFCF5B42} = {AE381F57-5314-4C4B-B183-E7909459C36C}
	EndGlobalSection
	GlobalSection(ExtensibilityGlobals) = postSolution
		SolutionGuid = {9158FC8E-9B83-4146-9129-DA23A448062E}
	EndGlobalSection
EndGlobal
